
Microsoft Visual Studio Solution File, Format Version 12.00
# Visual Studio 15
Project("{FAE04EC0-301F-11D3-BF4B-00C04F79EFBC}") = "Assembly-CSharp", "Assembly-CSharp.csproj", "{EE5C15CC-F8F5-1668-B5E2-186C3398225F}"
EndProject
Project("{FAE04EC0-301F-11D3-BF4B-00C04F79EFBC}") = "Assembly-CSharp-Editor", "Assembly-CSharp-Editor.csproj", "{345DE2BE-7EA6-6883-41EE-3A5F47CC17BD}"
EndProject
Global
	GlobalSection(SolutionConfigurationPlatforms) = preSolution
		Debug|Any CPU = Debug|Any CPU
		Release|Any CPU = Release|Any CPU
	EndGlobalSection
	GlobalSection(ProjectConfigurationPlatforms) = postSolution
		{EE5C15CC-F8F5-1668-B5E2-186C3398225F}.Debug|Any CPU.ActiveCfg = Debug|Any CPU
		{EE5C15CC-F8F5-1668-B5E2-186C3398225F}.Debug|Any CPU.Build.0 = Debug|Any CPU
		{EE5C15CC-F8F5-1668-B5E2-186C3398225F}.Release|Any CPU.ActiveCfg = Release|Any CPU
		{EE5C15CC-F8F5-1668-B5E2-186C3398225F}.Release|Any CPU.Build.0 = Release|Any CPU
		{345DE2BE-7EA6-6883-41EE-3A5F47CC17BD}.Debug|Any CPU.ActiveCfg = Debug|Any CPU
		{345DE2BE-7EA6-6883-41EE-3A5F47CC17BD}.Debug|Any CPU.Build.0 = Debug|Any CPU
		{345DE2BE-7EA6-6883-41EE-3A5F47CC17BD}.Release|Any CPU.ActiveCfg = Release|Any CPU
		{345DE2BE-7EA6-6883-41EE-3A5F47CC17BD}.Release|Any CPU.Build.0 = Release|Any CPU
	EndGlobalSection
	GlobalSection(SolutionProperties) = preSolution
		HideSolutionNode = FALSE
	EndGlobalSection
EndGlobal
