
Microsoft Visual Studio Solution File, Format Version 12.00
# Visual Studio 15
Project("{FAE04EC0-301F-11D3-BF4B-00C04F79EFBC}") = "Assembly-CSharp", "Assembly-CSharp.csproj", "{3ED9B011-7E1B-2DFC-E30B-8E7CD0B5F746}"
EndProject
Project("{FAE04EC0-301F-11D3-BF4B-00C04F79EFBC}") = "NavMeshComponentsExamples", "NavMeshComponentsExamples.csproj", "{64FB6C91-9C5C-D709-FD3E-83D6DB744FFB}"
EndProject
Project("{FAE04EC0-301F-11D3-BF4B-00C04F79EFBC}") = "NavMeshComponentsTestsPlaymode", "NavMeshComponentsTestsPlaymode.csproj", "{D05A79D7-7BBD-52B3-2D00-22DEB89A3386}"
EndProject
Project("{FAE04EC0-301F-11D3-BF4B-00C04F79EFBC}") = "NavMeshComponents", "NavMeshComponents.csproj", "{C98BA80B-71C0-68A3-867A-26F8413F8C90}"
EndProject
Project("{FAE04EC0-301F-11D3-BF4B-00C04F79EFBC}") = "Assembly-CSharp-Editor", "Assembly-CSharp-Editor.csproj", "{5AC215F2-2807-FE3F-822E-94CFC25DB483}"
EndProject
Project("{FAE04EC0-301F-11D3-BF4B-00C04F79EFBC}") = "NavMeshComponentsEditor", "NavMeshComponentsEditor.csproj", "{CD4FF17B-D9D3-A334-64BB-8E93E4196928}"
EndProject
Project("{FAE04EC0-301F-11D3-BF4B-00C04F79EFBC}") = "NavMeshComponentsExamplesEditor", "NavMeshComponentsExamplesEditor.csproj", "{2539ADC1-79E1-AB67-03EA-3A50015846D7}"
EndProject
Project("{FAE04EC0-301F-11D3-BF4B-00C04F79EFBC}") = "NavMeshComponentsTestsEditmode", "NavMeshComponentsTestsEditmode.csproj", "{98803BB9-AD6B-5C06-088B-C92AD2221CE3}"
EndProject
Global
	GlobalSection(SolutionConfigurationPlatforms) = preSolution
		Debug|Any CPU = Debug|Any CPU
		Release|Any CPU = Release|Any CPU
	EndGlobalSection
	GlobalSection(ProjectConfigurationPlatforms) = postSolution
		{3ED9B011-7E1B-2DFC-E30B-8E7CD0B5F746}.Debug|Any CPU.ActiveCfg = Debug|Any CPU
		{3ED9B011-7E1B-2DFC-E30B-8E7CD0B5F746}.Debug|Any CPU.Build.0 = Debug|Any CPU
		{3ED9B011-7E1B-2DFC-E30B-8E7CD0B5F746}.Release|Any CPU.ActiveCfg = Release|Any CPU
		{3ED9B011-7E1B-2DFC-E30B-8E7CD0B5F746}.Release|Any CPU.Build.0 = Release|Any CPU
		{64FB6C91-9C5C-D709-FD3E-83D6DB744FFB}.Debug|Any CPU.ActiveCfg = Debug|Any CPU
		{64FB6C91-9C5C-D709-FD3E-83D6DB744FFB}.Debug|Any CPU.Build.0 = Debug|Any CPU
		{64FB6C91-9C5C-D709-FD3E-83D6DB744FFB}.Release|Any CPU.ActiveCfg = Release|Any CPU
		{64FB6C91-9C5C-D709-FD3E-83D6DB744FFB}.Release|Any CPU.Build.0 = Release|Any CPU
		{D05A79D7-7BBD-52B3-2D00-22DEB89A3386}.Debug|Any CPU.ActiveCfg = Debug|Any CPU
		{D05A79D7-7BBD-52B3-2D00-22DEB89A3386}.Debug|Any CPU.Build.0 = Debug|Any CPU
		{D05A79D7-7BBD-52B3-2D00-22DEB89A3386}.Release|Any CPU.ActiveCfg = Release|Any CPU
		{D05A79D7-7BBD-52B3-2D00-22DEB89A3386}.Release|Any CPU.Build.0 = Release|Any CPU
		{C98BA80B-71C0-68A3-867A-26F8413F8C90}.Debug|Any CPU.ActiveCfg = Debug|Any CPU
		{C98BA80B-71C0-68A3-867A-26F8413F8C90}.Debug|Any CPU.Build.0 = Debug|Any CPU
		{C98BA80B-71C0-68A3-867A-26F8413F8C90}.Release|Any CPU.ActiveCfg = Release|Any CPU
		{C98BA80B-71C0-68A3-867A-26F8413F8C90}.Release|Any CPU.Build.0 = Release|Any CPU
		{5AC215F2-2807-FE3F-822E-94CFC25DB483}.Debug|Any CPU.ActiveCfg = Debug|Any CPU
		{5AC215F2-2807-FE3F-822E-94CFC25DB483}.Debug|Any CPU.Build.0 = Debug|Any CPU
		{5AC215F2-2807-FE3F-822E-94CFC25DB483}.Release|Any CPU.ActiveCfg = Release|Any CPU
		{5AC215F2-2807-FE3F-822E-94CFC25DB483}.Release|Any CPU.Build.0 = Release|Any CPU
		{CD4FF17B-D9D3-A334-64BB-8E93E4196928}.Debug|Any CPU.ActiveCfg = Debug|Any CPU
		{CD4FF17B-D9D3-A334-64BB-8E93E4196928}.Debug|Any CPU.Build.0 = Debug|Any CPU
		{CD4FF17B-D9D3-A334-64BB-8E93E4196928}.Release|Any CPU.ActiveCfg = Release|Any CPU
		{CD4FF17B-D9D3-A334-64BB-8E93E4196928}.Release|Any CPU.Build.0 = Release|Any CPU
		{2539ADC1-79E1-AB67-03EA-3A50015846D7}.Debug|Any CPU.ActiveCfg = Debug|Any CPU
		{2539ADC1-79E1-AB67-03EA-3A50015846D7}.Debug|Any CPU.Build.0 = Debug|Any CPU
		{2539ADC1-79E1-AB67-03EA-3A50015846D7}.Release|Any CPU.ActiveCfg = Release|Any CPU
		{2539ADC1-79E1-AB67-03EA-3A50015846D7}.Release|Any CPU.Build.0 = Release|Any CPU
		{98803BB9-AD6B-5C06-088B-C92AD2221CE3}.Debug|Any CPU.ActiveCfg = Debug|Any CPU
		{98803BB9-AD6B-5C06-088B-C92AD2221CE3}.Debug|Any CPU.Build.0 = Debug|Any CPU
		{98803BB9-AD6B-5C06-088B-C92AD2221CE3}.Release|Any CPU.ActiveCfg = Release|Any CPU
		{98803BB9-AD6B-5C06-088B-C92AD2221CE3}.Release|Any CPU.Build.0 = Release|Any CPU
	EndGlobalSection
	GlobalSection(SolutionProperties) = preSolution
		HideSolutionNode = FALSE
	EndGlobalSection
EndGlobal
